
Microsoft Visual Studio Solution File, Format Version 12.00
# Visual Studio Version 16
VisualStudioVersion = 16.0.30002.166
MinimumVisualStudioVersion = 10.0.40219.1
Project("{FAE04EC0-301F-11D3-BF4B-00C04F79EFBC}") = "Cop4931Project", "Cop4931Project\Cop4931Project.csproj", "{5CBCF610-EE63-4468-8ADD-3B2FEDBEA7C3}"
EndProject
Global
	GlobalSection(SolutionConfigurationPlatforms) = preSolution
		Debug|Any CPU = Debug|Any CPU
		Release|Any CPU = Release|Any CPU
	EndGlobalSection
	GlobalSection(ProjectConfigurationPlatforms) = postSolution
		{5CBCF610-EE63-4468-8ADD-3B2FEDBEA7C3}.Debug|Any CPU.ActiveCfg = Debug|Any CPU
		{5CBCF610-EE63-4468-8ADD-3B2FEDBEA7C3}.Debug|Any CPU.Build.0 = Debug|Any CPU
		{5CBCF610-EE63-4468-8ADD-3B2FEDBEA7C3}.Release|Any CPU.ActiveCfg = Release|Any CPU
		{5CBCF610-EE63-4468-8ADD-3B2FEDBEA7C3}.Release|Any CPU.Build.0 = Release|Any CPU
	EndGlobalSection
	GlobalSection(SolutionProperties) = preSolution
		HideSolutionNode = FALSE
	EndGlobalSection
	GlobalSection(ExtensibilityGlobals) = postSolution
		SolutionGuid = {0F766A40-FBBD-4919-B756-7EF9F922F0E8}
	EndGlobalSection
EndGlobal
